
Microsoft Visual Studio Solution File, Format Version 12.00
# Visual Studio Version 17
VisualStudioVersion = 17.10.35027.167
MinimumVisualStudioVersion = 10.0.40219.1
Project("{FAE04EC0-301F-11D3-BF4B-00C04F79EFBC}") = "Gestionare Angajati", "Gestionare Angajati\Gestionare Angajati.csproj", "{387E0FDE-0021-4B66-B6DC-4C5BA001500E}"
EndProject
Global
	GlobalSection(SolutionConfigurationPlatforms) = preSolution
		Debug|Any CPU = Debug|Any CPU
		Release|Any CPU = Release|Any CPU
	EndGlobalSection
	GlobalSection(ProjectConfigurationPlatforms) = postSolution
		{387E0FDE-0021-4B66-B6DC-4C5BA001500E}.Debug|Any CPU.ActiveCfg = Debug|Any CPU
		{387E0FDE-0021-4B66-B6DC-4C5BA001500E}.Debug|Any CPU.Build.0 = Debug|Any CPU
		{387E0FDE-0021-4B66-B6DC-4C5BA001500E}.Release|Any CPU.ActiveCfg = Release|Any CPU
		{387E0FDE-0021-4B66-B6DC-4C5BA001500E}.Release|Any CPU.Build.0 = Release|Any CPU
	EndGlobalSection
	GlobalSection(SolutionProperties) = preSolution
		HideSolutionNode = FALSE
	EndGlobalSection
	GlobalSection(ExtensibilityGlobals) = postSolution
		SolutionGuid = {FDA900C2-5EE9-42E7-8953-C8DDEC063E53}
	EndGlobalSection
EndGlobal
